
Microsoft Visual Studio Solution File, Format Version 12.00
# Visual Studio 2012
Project("{FAE04EC0-301F-11D3-BF4B-00C04F79EFBC}") = "CustomerAppBackend", "CustomerAppBackend\CustomerAppBackend.csproj", "{5B2184C2-7B1D-4F19-AA3B-66AF3D8F0B6F}"
EndProject
Global
	GlobalSection(SolutionConfigurationPlatforms) = preSolution
		Debug|Any CPU = Debug|Any CPU
		Release|Any CPU = Release|Any CPU
	EndGlobalSection
	GlobalSection(ProjectConfigurationPlatforms) = postSolution
		{5B2184C2-7B1D-4F19-AA3B-66AF3D8F0B6F}.Debug|Any CPU.ActiveCfg = Debug|Any CPU
		{5B2184C2-7B1D-4F19-AA3B-66AF3D8F0B6F}.Debug|Any CPU.Build.0 = Debug|Any CPU
		{5B2184C2-7B1D-4F19-AA3B-66AF3D8F0B6F}.Release|Any CPU.ActiveCfg = Release|Any CPU
		{5B2184C2-7B1D-4F19-AA3B-66AF3D8F0B6F}.Release|Any CPU.Build.0 = Release|Any CPU
	EndGlobalSection
EndGlobal
